
Microsoft Visual Studio Solution File, Format Version 12.00
# Visual Studio Version 17
VisualStudioVersion = 17.3.32901.215
MinimumVisualStudioVersion = 10.0.40219.1
Project("{FAE04EC0-301F-11D3-BF4B-00C04F79EFBC}") = "Pract2", "Pract2\Pract2.csproj", "{48F82A01-A127-4FE5-8BA1-E0639092BA12}"
EndProject
Global
	GlobalSection(SolutionConfigurationPlatforms) = preSolution
		Debug|Any CPU = Debug|Any CPU
		Release|Any CPU = Release|Any CPU
	EndGlobalSection
	GlobalSection(ProjectConfigurationPlatforms) = postSolution
		{48F82A01-A127-4FE5-8BA1-E0639092BA12}.Debug|Any CPU.ActiveCfg = Debug|Any CPU
		{48F82A01-A127-4FE5-8BA1-E0639092BA12}.Debug|Any CPU.Build.0 = Debug|Any CPU
		{48F82A01-A127-4FE5-8BA1-E0639092BA12}.Release|Any CPU.ActiveCfg = Release|Any CPU
		{48F82A01-A127-4FE5-8BA1-E0639092BA12}.Release|Any CPU.Build.0 = Release|Any CPU
	EndGlobalSection
	GlobalSection(SolutionProperties) = preSolution
		HideSolutionNode = FALSE
	EndGlobalSection
	GlobalSection(ExtensibilityGlobals) = postSolution
		SolutionGuid = {2133A903-071F-45A9-8608-CB3EE42F1CB7}
	EndGlobalSection
EndGlobal
